{
  "nodes": {
    "nixpkgs": {
      "locked": {
        "lastModified": 1752077645,
        "narHash": "sha256-HM791ZQtXV93xtCY+ZxG1REzhQenSQO020cu6rHtAPk=",
        "owner": "nixos",
        "repo": "nixpkgs",
        "rev": "be9e214982e20b8310878ac2baa063a961c1bdf6",
        "type": "github"
      },
      "original": {
        "owner": "nixos",
        "ref": "nixpkgs-unstable",
        "repo": "nixpkgs",
        "type": "github"
      }
    },
    "root": {
      "inputs": {
        "nixpkgs": "nixpkgs",
        "zen-mapper": "zen-mapper"
      }
    },
    "zen-mapper": {
      "inputs": {
        "nixpkgs": [
          "nixpkgs"
        ]
      },
      "locked": {
        "lastModified": 1750378861,
        "narHash": "sha256-EBt0pYf0+HirjbnhR89IGs3nkF5r/o3pCHEgiW3V9P4=",
        "owner": "zen-mapper",
        "repo": "zen-mapper",
        "rev": "54648f0cef8b561e01bfb0bfd40da19f297abf6b",
        "type": "github"
      },
      "original": {
        "owner": "zen-mapper",
        "repo": "zen-mapper",
        "type": "github"
      }
    }
  },
  "root": "root",
  "version": 7
}
