{
  "nodes": {
    "nixpkgs": {
      "locked": {
        "lastModified": 1749401433,
        "narHash": "sha256-HXIQzULIG/MEUW2Q/Ss47oE3QrjxvpUX7gUl4Xp6lnc=",
        "owner": "nixos",
        "repo": "nixpkgs",
        "rev": "08fcb0dcb59df0344652b38ea6326a2d8271baff",
        "type": "github"
      },
      "original": {
        "owner": "nixos",
        "ref": "nixpkgs-unstable",
        "repo": "nixpkgs",
        "type": "github"
      }
    },
    "root": {
      "inputs": {
        "nixpkgs": "nixpkgs",
        "zen-mapper": "zen-mapper"
      }
    },
    "zen-mapper": {
      "inputs": {
        "nixpkgs": [
          "nixpkgs"
        ]
      },
      "locked": {
        "lastModified": 1748925372,
        "narHash": "sha256-adsWR87g1osZpUTLBuhK6ZK3qSVPeXpAmo7rwsZ+OZQ=",
        "owner": "zen-mapper",
        "repo": "zen-mapper",
        "rev": "5417dd7cad34d60b2fc33350168c4c34cecf73a0",
        "type": "github"
      },
      "original": {
        "owner": "zen-mapper",
        "repo": "zen-mapper",
        "type": "github"
      }
    }
  },
  "root": "root",
  "version": 7
}
